
Microsoft Visual Studio Solution File, Format Version 12.00
# Visual Studio Version 17
VisualStudioVersion = 17.4.33122.133
MinimumVisualStudioVersion = 10.0.40219.1
Project("{2150E333-8FDC-42A3-9474-1A3956D46DE8}") = "Solution Items", "Solution Items", "{A063DEDA-4CD9-4832-A738-0A323602FE58}"
	ProjectSection(SolutionItems) = preProject
		.editorconfig = .editorconfig
		Directory.Build.props = Directory.Build.props
		README.md = README.md
		TidyBuild.custom.props = TidyBuild.custom.props
		TidyBuild.user.props = TidyBuild.user.props
	EndProjectSection
EndProject
Project("{9A19103F-16F7-4668-BE54-9A1E7A4F7556}") = "PanelSwWpfControls", "PanelSwWpfControls\PanelSwWpfControls.csproj", "{96B86418-A9FF-4E2F-865B-CA942E16788F}"
EndProject
Project("{9A19103F-16F7-4668-BE54-9A1E7A4F7556}") = "Test", "Test\Test.csproj", "{813BD655-B016-49F2-A41E-AF28A2429DE8}"
EndProject
Global
	GlobalSection(SolutionConfigurationPlatforms) = preSolution
		Debug|Any CPU = Debug|Any CPU
		Release|Any CPU = Release|Any CPU
	EndGlobalSection
	GlobalSection(ProjectConfigurationPlatforms) = postSolution
		{96B86418-A9FF-4E2F-865B-CA942E16788F}.Debug|Any CPU.ActiveCfg = Debug|Any CPU
		{96B86418-A9FF-4E2F-865B-CA942E16788F}.Debug|Any CPU.Build.0 = Debug|Any CPU
		{96B86418-A9FF-4E2F-865B-CA942E16788F}.Release|Any CPU.ActiveCfg = Release|Any CPU
		{96B86418-A9FF-4E2F-865B-CA942E16788F}.Release|Any CPU.Build.0 = Release|Any CPU
		{813BD655-B016-49F2-A41E-AF28A2429DE8}.Debug|Any CPU.ActiveCfg = Debug|Any CPU
		{813BD655-B016-49F2-A41E-AF28A2429DE8}.Debug|Any CPU.Build.0 = Debug|Any CPU
		{813BD655-B016-49F2-A41E-AF28A2429DE8}.Release|Any CPU.ActiveCfg = Release|Any CPU
		{813BD655-B016-49F2-A41E-AF28A2429DE8}.Release|Any CPU.Build.0 = Release|Any CPU
	EndGlobalSection
	GlobalSection(SolutionProperties) = preSolution
		HideSolutionNode = FALSE
	EndGlobalSection
	GlobalSection(ExtensibilityGlobals) = postSolution
		SolutionGuid = {7CD3C5D0-A5C8-433B-AEEC-4C07197DC6A2}
	EndGlobalSection
EndGlobal
